# @generated by Move, please check-in and do not edit manually.

[move]
version = 3
manifest_digest = "10B13CD12FCEF941E9BA91F9CB3C2A72F1CB075253DE86F6650EB80CDF9BB6B8"
deps_digest = "F8BBB0CCB2491CA29A3DF03D6F92277A4F3574266507ACD77214D37ECA3F3082"
dependencies = [
  { id = "Sui", name = "Sui" },
]

[[move.package]]
id = "MoveStdlib"
source = { git = "https://github.com/MystenLabs/sui.git", rev = "framework/testnet", subdir = "crates/sui-framework/packages/move-stdlib" }

[[move.package]]
id = "Sui"
source = { git = "https://github.com/MystenLabs/sui.git", rev = "framework/testnet", subdir = "crates/sui-framework/packages/sui-framework" }

dependencies = [
  { id = "MoveStdlib", name = "MoveStdlib" },
]

[move.toolchain-version]
compiler-version = "1.40.3"
edition = "2024.beta"
flavor = "sui"

[env]

[env.mainnet]
chain-id = "35834a8a"
original-published-id = "0x507874ae16a541adafd3eead38dfa8718b194add317a6a0259810a3c04807038"
latest-published-id = "0x507874ae16a541adafd3eead38dfa8718b194add317a6a0259810a3c04807038"
published-version = "1"
